
Microsoft Visual Studio Solution File, Format Version 12.00
# Visual Studio 2012
Project("{FAE04EC0-301F-11D3-BF4B-00C04F79EFBC}") = "PBDesk.WebUtils", "PBDesk.WebUtils\PBDesk.WebUtils.csproj", "{594B000C-341C-4271-BEF7-BEC01364492E}"
EndProject
Global
	GlobalSection(SolutionConfigurationPlatforms) = preSolution
		Debug|Any CPU = Debug|Any CPU
		Release|Any CPU = Release|Any CPU
	EndGlobalSection
	GlobalSection(ProjectConfigurationPlatforms) = postSolution
		{594B000C-341C-4271-BEF7-BEC01364492E}.Debug|Any CPU.ActiveCfg = Debug|Any CPU
		{594B000C-341C-4271-BEF7-BEC01364492E}.Debug|Any CPU.Build.0 = Debug|Any CPU
		{594B000C-341C-4271-BEF7-BEC01364492E}.Release|Any CPU.ActiveCfg = Release|Any CPU
		{594B000C-341C-4271-BEF7-BEC01364492E}.Release|Any CPU.Build.0 = Release|Any CPU
	EndGlobalSection
	GlobalSection(SolutionProperties) = preSolution
		HideSolutionNode = FALSE
	EndGlobalSection
EndGlobal
